
Microsoft Visual Studio Solution File, Format Version 12.00
# Visual Studio Version 17
VisualStudioVersion = 17.0.32112.339
MinimumVisualStudioVersion = 10.0.40219.1
Project("{FAE04EC0-301F-11D3-BF4B-00C04F79EFBC}") = "BenchmarkDictionary", "BenchmarkDictionary\BenchmarkDictionary.csproj", "{C611DD81-1B28-487B-9D87-891704AD6804}"
EndProject
Global
	GlobalSection(SolutionConfigurationPlatforms) = preSolution
		Debug|Any CPU = Debug|Any CPU
		Release|Any CPU = Release|Any CPU
	EndGlobalSection
	GlobalSection(ProjectConfigurationPlatforms) = postSolution
		{C611DD81-1B28-487B-9D87-891704AD6804}.Debug|Any CPU.ActiveCfg = Debug|Any CPU
		{C611DD81-1B28-487B-9D87-891704AD6804}.Debug|Any CPU.Build.0 = Debug|Any CPU
		{C611DD81-1B28-487B-9D87-891704AD6804}.Release|Any CPU.ActiveCfg = Release|Any CPU
		{C611DD81-1B28-487B-9D87-891704AD6804}.Release|Any CPU.Build.0 = Release|Any CPU
	EndGlobalSection
	GlobalSection(SolutionProperties) = preSolution
		HideSolutionNode = FALSE
	EndGlobalSection
	GlobalSection(ExtensibilityGlobals) = postSolution
		SolutionGuid = {137499F2-4784-4F7D-B354-0AF45D0A230E}
	EndGlobalSection
EndGlobal
